
Microsoft Visual Studio Solution File, Format Version 12.00
# Visual Studio Version 17
VisualStudioVersion = 17.7.34009.444
MinimumVisualStudioVersion = 10.0.40219.1
Project("{FAE04EC0-301F-11D3-BF4B-00C04F79EFBC}") = "Maze", "Maze\Maze.csproj", "{2E0A000C-7D05-4CD6-841E-941F4943D517}"
EndProject
Global
	GlobalSection(SolutionConfigurationPlatforms) = preSolution
		Debug|Any CPU = Debug|Any CPU
		Release|Any CPU = Release|Any CPU
	EndGlobalSection
	GlobalSection(ProjectConfigurationPlatforms) = postSolution
		{2E0A000C-7D05-4CD6-841E-941F4943D517}.Debug|Any CPU.ActiveCfg = Debug|Any CPU
		{2E0A000C-7D05-4CD6-841E-941F4943D517}.Debug|Any CPU.Build.0 = Debug|Any CPU
		{2E0A000C-7D05-4CD6-841E-941F4943D517}.Release|Any CPU.ActiveCfg = Release|Any CPU
		{2E0A000C-7D05-4CD6-841E-941F4943D517}.Release|Any CPU.Build.0 = Release|Any CPU
	EndGlobalSection
	GlobalSection(SolutionProperties) = preSolution
		HideSolutionNode = FALSE
	EndGlobalSection
	GlobalSection(ExtensibilityGlobals) = postSolution
		SolutionGuid = {FEF22609-D218-4F32-A69B-49C84B15DA53}
	EndGlobalSection
EndGlobal
